// !$*UTF8*$!
{
	archiveVersion = 1;
	classes = {
	};
	objectVersion = 46;
	objects = {

/* Begin PBXBuildFile section */
		9FCDC62A1E5D597B00AA3665 /* AppDelegate.swift in Sources */ = {isa = PBXBuildFile; fileRef = 9FCDC6291E5D597B00AA3665 /* AppDelegate.swift */; };
		9FCDC62C1E5D597B00AA3665 /* ViewController.swift in Sources */ = {isa = PBXBuildFile; fileRef = 9FCDC62B1E5D597B00AA3665 /* ViewController.swift */; };
		9FCDC62F1E5D597B00AA3665 /* Main.storyboard in Resources */ = {isa = PBXBuildFile; fileRef = 9FCDC62D1E5D597B00AA3665 /* Main.storyboard */; };
		9FCDC6311E5D597B00AA3665 /* Assets.xcassets in Resources */ = {isa = PBXBuildFile; fileRef = 9FCDC6301E5D597B00AA3665 /* Assets.xcassets */; };
		9FCDC6341E5D597B00AA3665 /* LaunchScreen.storyboard in Resources */ = {isa = PBXBuildFile; fileRef = 9FCDC6321E5D597B00AA3665 /* LaunchScreen.storyboard */; };
		9FCDC63F1E5D597B00AA3665 /* CattyImagesTests.swift in Sources */ = {isa = PBXBuildFile; fileRef = 9FCDC63E1E5D597B00AA3665 /* CattyImagesTests.swift */; };
		9FCDC64A1E5D597C00AA3665 /* CattyImagesUITests.swift in Sources */ = {isa = PBXBuildFile; fileRef = 9FCDC6491E5D597C00AA3665 /* CattyImagesUITests.swift */; };
/* End PBXBuildFile section */

/* Begin PBXContainerItemProxy section */
		9FCDC63B1E5D597B00AA3665 /* PBXContainerItemProxy */ = {
			isa = PBXContainerItemProxy;
			containerPortal = 9FCDC61E1E5D597B00AA3665 /* Project object */;
			proxyType = 1;
			remoteGlobalIDString = 9FCDC6251E5D597B00AA3665;
			remoteInfo = CattyImages;
		};
		9FCDC6461E5D597B00AA3665 /* PBXContainerItemProxy */ = {
			isa = PBXContainerItemProxy;
			containerPortal = 9FCDC61E1E5D597B00AA3665 /* Project object */;
			proxyType = 1;
			remoteGlobalIDString = 9FCDC6251E5D597B00AA3665;
			remoteInfo = CattyImages;
		};
/* End PBXContainerItemProxy section */

/* Begin PBXFileReference section */
		9FCDC6261E5D597B00AA3665 /* CattyImages.app */ = {isa = PBXFileReference; explicitFileType = wrapper.application; includeInIndex = 0; path = CattyImages.app; sourceTree = BUILT_PRODUCTS_DIR; };
		9FCDC6291E5D597B00AA3665 /* AppDelegate.swift */ = {isa = PBXFileReference; lastKnownFileType = sourcecode.swift; path = AppDelegate.swift; sourceTree = "<group>"; };
		9FCDC62B1E5D597B00AA3665 /* ViewController.swift */ = {isa = PBXFileReference; lastKnownFileType = sourcecode.swift; path = ViewController.swift; sourceTree = "<group>"; };
		9FCDC62E1E5D597B00AA3665 /* Base */ = {isa = PBXFileReference; lastKnownFileType = file.storyboard; name = Base; path = Base.lproj/Main.storyboard; sourceTree = "<group>"; };
		9FCDC6301E5D597B00AA3665 /* Assets.xcassets */ = {isa = PBXFileReference; lastKnownFileType = folder.assetcatalog; path = Assets.xcassets; sourceTree = "<group>"; };
		9FCDC6331E5D597B00AA3665 /* Base */ = {isa = PBXFileReference; lastKnownFileType = file.storyboard; name = Base; path = Base.lproj/LaunchScreen.storyboard; sourceTree = "<group>"; };
		9FCDC6351E5D597B00AA3665 /* Info.plist */ = {isa = PBXFileReference; lastKnownFileType = text.plist.xml; path = Info.plist; sourceTree = "<group>"; };
		9FCDC63A1E5D597B00AA3665 /* CattyImagesTests.xctest */ = {isa = PBXFileReference; explicitFileType = wrapper.cfbundle; includeInIndex = 0; path = CattyImagesTests.xctest; sourceTree = BUILT_PRODUCTS_DIR; };
		9FCDC63E1E5D597B00AA3665 /* CattyImagesTests.swift */ = {isa = PBXFileReference; lastKnownFileType = sourcecode.swift; path = CattyImagesTests.swift; sourceTree = "<group>"; };
		9FCDC6401E5D597B00AA3665 /* Info.plist */ = {isa = PBXFileReference; lastKnownFileType = text.plist.xml; path = Info.plist; sourceTree = "<group>"; };
		9FCDC6451E5D597B00AA3665 /* CattyImagesUITests.xctest */ = {isa = PBXFileReference; explicitFileType = wrapper.cfbundle; includeInIndex = 0; path = CattyImagesUITests.xctest; sourceTree = BUILT_PRODUCTS_DIR; };
		9FCDC6491E5D597C00AA3665 /* CattyImagesUITests.swift */ = {isa = PBXFileReference; lastKnownFileType = sourcecode.swift; path = CattyImagesUITests.swift; sourceTree = "<group>"; };
		9FCDC64B1E5D597C00AA3665 /* Info.plist */ = {isa = PBXFileReference; lastKnownFileType = text.plist.xml; path = Info.plist; sourceTree = "<group>"; };
/* End PBXFileReference section */

/* Begin PBXFrameworksBuildPhase section */
		9FCDC6231E5D597B00AA3665 /* Frameworks */ = {
			isa = PBXFrameworksBuildPhase;
			buildActionMask = 2147483647;
			files = (
			);
			runOnlyForDeploymentPostprocessing = 0;
		};
		9FCDC6371E5D597B00AA3665 /* Frameworks */ = {
			isa = PBXFrameworksBuildPhase;
			buildActionMask = 2147483647;
			files = (
			);
			runOnlyForDeploymentPostprocessing = 0;
		};
		9FCDC6421E5D597B00AA3665 /* Frameworks */ = {
			isa = PBXFrameworksBuildPhase;
			buildActionMask = 2147483647;
			files = (
			);
			runOnlyForDeploymentPostprocessing = 0;
		};
/* End PBXFrameworksBuildPhase section */

/* Begin PBXGroup section */
		9FCDC61D1E5D597B00AA3665 = {
			isa = PBXGroup;
			children = (
				9FCDC6281E5D597B00AA3665 /* CattyImages */,
				9FCDC63D1E5D597B00AA3665 /* CattyImagesTests */,
				9FCDC6481E5D597C00AA3665 /* CattyImagesUITests */,
				9FCDC6271E5D597B00AA3665 /* Products */,
			);
			sourceTree = "<group>";
		};
		9FCDC6271E5D597B00AA3665 /* Products */ = {
			isa = PBXGroup;
			children = (
				9FCDC6261E5D597B00AA3665 /* CattyImages.app */,
				9FCDC63A1E5D597B00AA3665 /* CattyImagesTests.xctest */,
				9FCDC6451E5D597B00AA3665 /* CattyImagesUITests.xctest */,
			);
			name = Products;
			sourceTree = "<group>";
		};
		9FCDC6281E5D597B00AA3665 /* CattyImages */ = {
			isa = PBXGroup;
			children = (
				9FCDC6291E5D597B00AA3665 /* AppDelegate.swift */,
				9FCDC62B1E5D597B00AA3665 /* ViewController.swift */,
				9FCDC62D1E5D597B00AA3665 /* Main.storyboard */,
				9FCDC6301E5D597B00AA3665 /* Assets.xcassets */,
				9FCDC6321E5D597B00AA3665 /* LaunchScreen.storyboard */,
				9FCDC6351E5D597B00AA3665 /* Info.plist */,
			);
			path = CattyImages;
			sourceTree = "<group>";
		};
		9FCDC63D1E5D597B00AA3665 /* CattyImagesTests */ = {
			isa = PBXGroup;
			children = (
				9FCDC63E1E5D597B00AA3665 /* CattyImagesTests.swift */,
				9FCDC6401E5D597B00AA3665 /* Info.plist */,
			);
			path = CattyImagesTests;
			sourceTree = "<group>";
		};
		9FCDC6481E5D597C00AA3665 /* CattyImagesUITests */ = {
			isa = PBXGroup;
			children = (
				9FCDC6491E5D597C00AA3665 /* CattyImagesUITests.swift */,
				9FCDC64B1E5D597C00AA3665 /* Info.plist */,
			);
			path = CattyImagesUITests;
			sourceTree = "<group>";
		};
/* End PBXGroup section */

/* Begin PBXNativeTarget section */
		9FCDC6251E5D597B00AA3665 /* CattyImages */ = {
			isa = PBXNativeTarget;
			buildConfigurationList = 9FCDC64E1E5D597C00AA3665 /* Build configuration list for PBXNativeTarget "CattyImages" */;
			buildPhases = (
				9FCDC6221E5D597B00AA3665 /* Sources */,
				9FCDC6231E5D597B00AA3665 /* Frameworks */,
				9FCDC6241E5D597B00AA3665 /* Resources */,
			);
			buildRules = (
			);
			dependencies = (
			);
			name = CattyImages;
			productName = CattyImages;
			productReference = 9FCDC6261E5D597B00AA3665 /* CattyImages.app */;
			productType = "com.apple.product-type.application";
		};
		9FCDC6391E5D597B00AA3665 /* CattyImagesTests */ = {
			isa = PBXNativeTarget;
			buildConfigurationList = 9FCDC6511E5D597C00AA3665 /* Build configuration list for PBXNativeTarget "CattyImagesTests" */;
			buildPhases = (
				9FCDC6361E5D597B00AA3665 /* Sources */,
				9FCDC6371E5D597B00AA3665 /* Frameworks */,
				9FCDC6381E5D597B00AA3665 /* Resources */,
			);
			buildRules = (
			);
			dependencies = (
				9FCDC63C1E5D597B00AA3665 /* PBXTargetDependency */,
			);
			name = CattyImagesTests;
			productName = CattyImagesTests;
			productReference = 9FCDC63A1E5D597B00AA3665 /* CattyImagesTests.xctest */;
			productType = "com.apple.product-type.bundle.unit-test";
		};
		9FCDC6441E5D597B00AA3665 /* CattyImagesUITests */ = {
			isa = PBXNativeTarget;
			buildConfigurationList = 9FCDC6541E5D597C00AA3665 /* Build configuration list for PBXNativeTarget "CattyImagesUITests" */;
			buildPhases = (
				9FCDC6411E5D597B00AA3665 /* Sources */,
				9FCDC6421E5D597B00AA3665 /* Frameworks */,
				9FCDC6431E5D597B00AA3665 /* Resources */,
			);
			buildRules = (
			);
			dependencies = (
				9FCDC6471E5D597B00AA3665 /* PBXTargetDependency */,
			);
			name = CattyImagesUITests;
			productName = CattyImagesUITests;
			productReference = 9FCDC6451E5D597B00AA3665 /* CattyImagesUITests.xctest */;
			productType = "com.apple.product-type.bundle.ui-testing";
		};
/* End PBXNativeTarget section */

/* Begin PBXProject section */
		9FCDC61E1E5D597B00AA3665 /* Project object */ = {
			isa = PBXProject;
			attributes = {
				LastSwiftUpdateCheck = 0820;
				LastUpgradeCheck = 0820;
				ORGANIZATIONNAME = WM;
				TargetAttributes = {
					9FCDC6251E5D597B00AA3665 = {
						CreatedOnToolsVersion = 8.2.1;
						DevelopmentTeam = PRXSGPVD4P;
						ProvisioningStyle = Automatic;
					};
					9FCDC6391E5D597B00AA3665 = {
						CreatedOnToolsVersion = 8.2.1;
						DevelopmentTeam = PRXSGPVD4P;
						ProvisioningStyle = Automatic;
						TestTargetID = 9FCDC6251E5D597B00AA3665;
					};
					9FCDC6441E5D597B00AA3665 = {
						CreatedOnToolsVersion = 8.2.1;
						DevelopmentTeam = PRXSGPVD4P;
						ProvisioningStyle = Automatic;
						TestTargetID = 9FCDC6251E5D597B00AA3665;
					};
				};
			};
			buildConfigurationList = 9FCDC6211E5D597B00AA3665 /* Build configuration list for PBXProject "CattyImages" */;
			compatibilityVersion = "Xcode 3.2";
			developmentRegion = English;
			hasScannedForEncodings = 0;
			knownRegions = (
				en,
				Base,
			);
			mainGroup = 9FCDC61D1E5D597B00AA3665;
			productRefGroup = 9FCDC6271E5D597B00AA3665 /* Products */;
			projectDirPath = "";
			projectRoot = "";
			targets = (
				9FCDC6251E5D597B00AA3665 /* CattyImages */,
				9FCDC6391E5D597B00AA3665 /* CattyImagesTests */,
				9FCDC6441E5D597B00AA3665 /* CattyImagesUITests */,
			);
		};
/* End PBXProject section */

/* Begin PBXResourcesBuildPhase section */
		9FCDC6241E5D597B00AA3665 /* Resources */ = {
			isa = PBXResourcesBuildPhase;
			buildActionMask = 2147483647;
			files = (
				9FCDC6341E5D597B00AA3665 /* LaunchScreen.storyboard in Resources */,
				9FCDC6311E5D597B00AA3665 /* Assets.xcassets in Resources */,
				9FCDC62F1E5D597B00AA3665 /* Main.storyboard in Resources */,
			);
			runOnlyForDeploymentPostprocessing = 0;
		};
		9FCDC6381E5D597B00AA3665 /* Resources */ = {
			isa = PBXResourcesBuildPhase;
			buildActionMask = 2147483647;
			files = (
			);
			runOnlyForDeploymentPostprocessing = 0;
		};
		9FCDC6431E5D597B00AA3665 /* Resources */ = {
			isa = PBXResourcesBuildPhase;
			buildActionMask = 2147483647;
			files = (
			);
			runOnlyForDeploymentPostprocessing = 0;
		};
/* End PBXResourcesBuildPhase section */

/* Begin PBXSourcesBuildPhase section */
		9FCDC6221E5D597B00AA3665 /* Sources */ = {
			isa = PBXSourcesBuildPhase;
			buildActionMask = 2147483647;
			files = (
				9FCDC62C1E5D597B00AA3665 /* ViewController.swift in Sources */,
				9FCDC62A1E5D597B00AA3665 /* AppDelegate.swift in Sources */,
			);
			runOnlyForDeploymentPostprocessing = 0;
		};
		9FCDC6361E5D597B00AA3665 /* Sources */ = {
			isa = PBXSourcesBuildPhase;
			buildActionMask = 2147483647;
			files = (
				9FCDC63F1E5D597B00AA3665 /* CattyImagesTests.swift in Sources */,
			);
			runOnlyForDeploymentPostprocessing = 0;
		};
		9FCDC6411E5D597B00AA3665 /* Sources */ = {
			isa = PBXSourcesBuildPhase;
			buildActionMask = 2147483647;
			files = (
				9FCDC64A1E5D597C00AA3665 /* CattyImagesUITests.swift in Sources */,
			);
			runOnlyForDeploymentPostprocessing = 0;
		};
/* End PBXSourcesBuildPhase section */

/* Begin PBXTargetDependency section */
		9FCDC63C1E5D597B00AA3665 /* PBXTargetDependency */ = {
			isa = PBXTargetDependency;
			target = 9FCDC6251E5D597B00AA3665 /* CattyImages */;
			targetProxy = 9FCDC63B1E5D597B00AA3665 /* PBXContainerItemProxy */;
		};
		9FCDC6471E5D597B00AA3665 /* PBXTargetDependency */ = {
			isa = PBXTargetDependency;
			target = 9FCDC6251E5D597B00AA3665 /* CattyImages */;
			targetProxy = 9FCDC6461E5D597B00AA3665 /* PBXContainerItemProxy */;
		};
/* End PBXTargetDependency section */

/* Begin PBXVariantGroup section */
		9FCDC62D1E5D597B00AA3665 /* Main.storyboard */ = {
			isa = PBXVariantGroup;
			children = (
				9FCDC62E1E5D597B00AA3665 /* Base */,
			);
			name = Main.storyboard;
			sourceTree = "<group>";
		};
		9FCDC6321E5D597B00AA3665 /* LaunchScreen.storyboard */ = {
			isa = PBXVariantGroup;
			children = (
				9FCDC6331E5D597B00AA3665 /* Base */,
			);
			name = LaunchScreen.storyboard;
			sourceTree = "<group>";
		};
/* End PBXVariantGroup section */

/* Begin XCBuildConfiguration section */
		9FCDC64C1E5D597C00AA3665 /* Debug */ = {
			isa = XCBuildConfiguration;
			buildSettings = {
				ALWAYS_SEARCH_USER_PATHS = NO;
				CLANG_ANALYZER_NONNULL = YES;
				CLANG_CXX_LANGUAGE_STANDARD = "gnu++0x";
				CLANG_CXX_LIBRARY = "libc++";
				CLANG_ENABLE_MODULES = YES;
				CLANG_ENABLE_OBJC_ARC = YES;
				CLANG_WARN_BOOL_CONVERSION = YES;
				CLANG_WARN_CONSTANT_CONVERSION = YES;
				CLANG_WARN_DIRECT_OBJC_ISA_USAGE = YES_ERROR;
				CLANG_WARN_DOCUMENTATION_COMMENTS = YES;
				CLANG_WARN_EMPTY_BODY = YES;
				CLANG_WARN_ENUM_CONVERSION = YES;
				CLANG_WARN_INFINITE_RECURSION = YES;
				CLANG_WARN_INT_CONVERSION = YES;
				CLANG_WARN_OBJC_ROOT_CLASS = YES_ERROR;
				CLANG_WARN_SUSPICIOUS_MOVE = YES;
				CLANG_WARN_UNREACHABLE_CODE = YES;
				CLANG_WARN__DUPLICATE_METHOD_MATCH = YES;
				"CODE_SIGN_IDENTITY[sdk=iphoneos*]" = "iPhone Developer";
				COPY_PHASE_STRIP = NO;
				DEBUG_INFORMATION_FORMAT = dwarf;
				ENABLE_STRICT_OBJC_MSGSEND = YES;
				ENABLE_TESTABILITY = YES;
				GCC_C_LANGUAGE_STANDARD = gnu99;
				GCC_DYNAMIC_NO_PIC = NO;
				GCC_NO_COMMON_BLOCKS = YES;
				GCC_OPTIMIZATION_LEVEL = 0;
				GCC_PREPROCESSOR_DEFINITIONS = (
					"DEBUG=1",
					"$(inherited)",
				);
				GCC_WARN_64_TO_32_BIT_CONVERSION = YES;
				GCC_WARN_ABOUT_RETURN_TYPE = YES_ERROR;
				GCC_WARN_UNDECLARED_SELECTOR = YES;
				GCC_WARN_UNINITIALIZED_AUTOS = YES_AGGRESSIVE;
				GCC_WARN_UNUSED_FUNCTION = YES;
				GCC_WARN_UNUSED_VARIABLE = YES;
				IPHONEOS_DEPLOYMENT_TARGET = 10.2;
				MTL_ENABLE_DEBUG_INFO = YES;
				ONLY_ACTIVE_ARCH = YES;
				SDKROOT = iphoneos;
				SWIFT_ACTIVE_COMPILATION_CONDITIONS = DEBUG;
				SWIFT_OPTIMIZATION_LEVEL = "-Onone";
			};
			name = Debug;
		};
		9FCDC64D1E5D597C00AA3665 /* Release */ = {
			isa = XCBuildConfiguration;
			buildSettings = {
				ALWAYS_SEARCH_USER_PATHS = NO;
				CLANG_ANALYZER_NONNULL = YES;
				CLANG_CXX_LANGUAGE_STANDARD = "gnu++0x";
				CLANG_CXX_LIBRARY = "libc++";
				CLANG_ENABLE_MODULES = YES;
				CLANG_ENABLE_OBJC_ARC = YES;
				CLANG_WARN_BOOL_CONVERSION = YES;
				CLANG_WARN_CONSTANT_CONVERSION = YES;
				CLANG_WARN_DIRECT_OBJC_ISA_USAGE = YES_ERROR;
				CLANG_WARN_DOCUMENTATION_COMMENTS = YES;
				CLANG_WARN_EMPTY_BODY = YES;
				CLANG_WARN_ENUM_CONVERSION = YES;
				CLANG_WARN_INFINITE_RECURSION = YES;
				CLANG_WARN_INT_CONVERSION = YES;
				CLANG_WARN_OBJC_ROOT_CLASS = YES_ERROR;
				CLANG_WARN_SUSPICIOUS_MOVE = YES;
				CLANG_WARN_UNREACHABLE_CODE = YES;
				CLANG_WARN__DUPLICATE_METHOD_MATCH = YES;
				"CODE_SIGN_IDENTITY[sdk=iphoneos*]" = "iPhone Developer";
				COPY_PHASE_STRIP = NO;
				DEBUG_INFORMATION_FORMAT = "dwarf-with-dsym";
				ENABLE_NS_ASSERTIONS = NO;
				ENABLE_STRICT_OBJC_MSGSEND = YES;
				GCC_C_LANGUAGE_STANDARD = gnu99;
				GCC_NO_COMMON_BLOCKS = YES;
				GCC_WARN_64_TO_32_BIT_CONVERSION = YES;
				GCC_WARN_ABOUT_RETURN_TYPE = YES_ERROR;
				GCC_WARN_UNDECLARED_SELECTOR = YES;
				GCC_WARN_UNINITIALIZED_AUTOS = YES_AGGRESSIVE;
				GCC_WARN_UNUSED_FUNCTION = YES;
				GCC_WARN_UNUSED_VARIABLE = YES;
				IPHONEOS_DEPLOYMENT_TARGET = 10.2;
				MTL_ENABLE_DEBUG_INFO = NO;
				SDKROOT = iphoneos;
				SWIFT_OPTIMIZATION_LEVEL = "-Owholemodule";
				VALIDATE_PRODUCT = YES;
			};
			name = Release;
		};
		9FCDC64F1E5D597C00AA3665 /* Debug */ = {
			isa = XCBuildConfiguration;
			buildSettings = {
				ASSETCATALOG_COMPILER_APPICON_NAME = AppIcon;
				DEVELOPMENT_TEAM = PRXSGPVD4P;
				INFOPLIST_FILE = CattyImages/Info.plist;
				LD_RUNPATH_SEARCH_PATHS = "$(inherited) @executable_path/Frameworks";
				PRODUCT_BUNDLE_IDENTIFIER = com.octto.CattyImages;
				PRODUCT_NAME = "$(TARGET_NAME)";
				SWIFT_VERSION = 3.0;
			};
			name = Debug;
		};
		9FCDC6501E5D597C00AA3665 /* Release */ = {
			isa = XCBuildConfiguration;
			buildSettings = {
				ASSETCATALOG_COMPILER_APPICON_NAME = AppIcon;
				DEVELOPMENT_TEAM = PRXSGPVD4P;
				INFOPLIST_FILE = CattyImages/Info.plist;
				LD_RUNPATH_SEARCH_PATHS = "$(inherited) @executable_path/Frameworks";
				PRODUCT_BUNDLE_IDENTIFIER = com.octto.CattyImages;
				PRODUCT_NAME = "$(TARGET_NAME)";
				SWIFT_VERSION = 3.0;
			};
			name = Release;
		};
		9FCDC6521E5D597C00AA3665 /* Debug */ = {
			isa = XCBuildConfiguration;
			buildSettings = {
				ALWAYS_EMBED_SWIFT_STANDARD_LIBRARIES = YES;
				BUNDLE_LOADER = "$(TEST_HOST)";
				DEVELOPMENT_TEAM = PRXSGPVD4P;
				INFOPLIST_FILE = CattyImagesTests/Info.plist;
				LD_RUNPATH_SEARCH_PATHS = "$(inherited) @executable_path/Frameworks @loader_path/Frameworks";
				PRODUCT_BUNDLE_IDENTIFIER = com.octto.CattyImagesTests;
				PRODUCT_NAME = "$(TARGET_NAME)";
				SWIFT_VERSION = 3.0;
				TEST_HOST = "$(BUILT_PRODUCTS_DIR)/CattyImages.app/CattyImages";
			};
			name = Debug;
		};
		9FCDC6531E5D597C00AA3665 /* Release */ = {
			isa = XCBuildConfiguration;
			buildSettings = {
				ALWAYS_EMBED_SWIFT_STANDARD_LIBRARIES = YES;
				BUNDLE_LOADER = "$(TEST_HOST)";
				DEVELOPMENT_TEAM = PRXSGPVD4P;
				INFOPLIST_FILE = CattyImagesTests/Info.plist;
				LD_RUNPATH_SEARCH_PATHS = "$(inherited) @executable_path/Frameworks @loader_path/Frameworks";
				PRODUCT_BUNDLE_IDENTIFIER = com.octto.CattyImagesTests;
				PRODUCT_NAME = "$(TARGET_NAME)";
				SWIFT_VERSION = 3.0;
				TEST_HOST = "$(BUILT_PRODUCTS_DIR)/CattyImages.app/CattyImages";
			};
			name = Release;
		};
		9FCDC6551E5D597C00AA3665 /* Debug */ = {
			isa = XCBuildConfiguration;
			buildSettings = {
				ALWAYS_EMBED_SWIFT_STANDARD_LIBRARIES = YES;
				DEVELOPMENT_TEAM = PRXSGPVD4P;
				INFOPLIST_FILE = CattyImagesUITests/Info.plist;
				LD_RUNPATH_SEARCH_PATHS = "$(inherited) @executable_path/Frameworks @loader_path/Frameworks";
				PRODUCT_BUNDLE_IDENTIFIER = com.octto.CattyImagesUITests;
				PRODUCT_NAME = "$(TARGET_NAME)";
				SWIFT_VERSION = 3.0;
				TEST_TARGET_NAME = CattyImages;
			};
			name = Debug;
		};
		9FCDC6561E5D597C00AA3665 /* Release */ = {
			isa = XCBuildConfiguration;
			buildSettings = {
				ALWAYS_EMBED_SWIFT_STANDARD_LIBRARIES = YES;
				DEVELOPMENT_TEAM = PRXSGPVD4P;
				INFOPLIST_FILE = CattyImagesUITests/Info.plist;
				LD_RUNPATH_SEARCH_PATHS = "$(inherited) @executable_path/Frameworks @loader_path/Frameworks";
				PRODUCT_BUNDLE_IDENTIFIER = com.octto.CattyImagesUITests;
				PRODUCT_NAME = "$(TARGET_NAME)";
				SWIFT_VERSION = 3.0;
				TEST_TARGET_NAME = CattyImages;
			};
			name = Release;
		};
/* End XCBuildConfiguration section */

/* Begin XCConfigurationList section */
		9FCDC6211E5D597B00AA3665 /* Build configuration list for PBXProject "CattyImages" */ = {
			isa = XCConfigurationList;
			buildConfigurations = (
				9FCDC64C1E5D597C00AA3665 /* Debug */,
				9FCDC64D1E5D597C00AA3665 /* Release */,
			);
			defaultConfigurationIsVisible = 0;
			defaultConfigurationName = Release;
		};
		9FCDC64E1E5D597C00AA3665 /* Build configuration list for PBXNativeTarget "CattyImages" */ = {
			isa = XCConfigurationList;
			buildConfigurations = (
				9FCDC64F1E5D597C00AA3665 /* Debug */,
				9FCDC6501E5D597C00AA3665 /* Release */,
			);
			defaultConfigurationIsVisible = 0;
		};
		9FCDC6511E5D597C00AA3665 /* Build configuration list for PBXNativeTarget "CattyImagesTests" */ = {
			isa = XCConfigurationList;
			buildConfigurations = (
				9FCDC6521E5D597C00AA3665 /* Debug */,
				9FCDC6531E5D597C00AA3665 /* Release */,
			);
			defaultConfigurationIsVisible = 0;
		};
		9FCDC6541E5D597C00AA3665 /* Build configuration list for PBXNativeTarget "CattyImagesUITests" */ = {
			isa = XCConfigurationList;
			buildConfigurations = (
				9FCDC6551E5D597C00AA3665 /* Debug */,
				9FCDC6561E5D597C00AA3665 /* Release */,
			);
			defaultConfigurationIsVisible = 0;
		};
/* End XCConfigurationList section */
	};
	rootObject = 9FCDC61E1E5D597B00AA3665 /* Project object */;
}
